
Microsoft Visual Studio Solution File, Format Version 12.00
# Visual Studio Version 17
VisualStudioVersion = 17.1.32228.430
MinimumVisualStudioVersion = 10.0.40219.1
Project("{FAE04EC0-301F-11D3-BF4B-00C04F79EFBC}") = "pz_21", "pz_21\pz_21.csproj", "{17541B8A-B318-4A49-BB2E-CEBA6422B900}"
EndProject
Project("{FAE04EC0-301F-11D3-BF4B-00C04F79EFBC}") = "pz_22", "pz_22\pz_22.csproj", "{516DFFD3-0E50-41AB-917D-26B5A4F590C6}"
EndProject
Project("{FAE04EC0-301F-11D3-BF4B-00C04F79EFBC}") = "pz_23", "pz_23\pz_23.csproj", "{B1AA80EF-F7B6-4912-BC09-C4C24720E135}"
EndProject
Project("{9A19103F-16F7-4668-BE54-9A1E7A4F7556}") = "calc_pz25", "calc_pz25\calc_pz25.csproj", "{9852A1CC-5691-4B57-91FD-99CA1CE16C51}"
EndProject
Project("{9A19103F-16F7-4668-BE54-9A1E7A4F7556}") = "redaktor_txt_pz26", "redaktor_txt_pz26\redaktor_txt_pz26.csproj", "{B0C45832-1DF3-4151-89A3-03B4A50A1664}"
EndProject
Project("{FAE04EC0-301F-11D3-BF4B-00C04F79EFBC}") = "pz_4", "pz_4\pz_4.csproj", "{5DE5277F-5880-4FD6-B28B-148F9A1EE96F}"
EndProject
Project("{FAE04EC0-301F-11D3-BF4B-00C04F79EFBC}") = "pz_5", "pz_5\pz_5.csproj", "{94B4F548-8395-41E9-8703-04EBE84D742C}"
EndProject
Project("{FAE04EC0-301F-11D3-BF4B-00C04F79EFBC}") = "pz_6", "pz_6\pz_6.csproj", "{1A4BD57F-32D6-4C3D-990C-472E5B79FA7D}"
EndProject
Project("{FAE04EC0-301F-11D3-BF4B-00C04F79EFBC}") = "pz_10", "pz_10\pz_10.csproj", "{F3976153-69E5-4CFE-A992-086BF473F5C7}"
EndProject
Project("{FAE04EC0-301F-11D3-BF4B-00C04F79EFBC}") = "pz_11", "pz_11\pz_11.csproj", "{9CD5EA69-4270-4CAE-B0D7-83495F132DEB}"
EndProject
Project("{FAE04EC0-301F-11D3-BF4B-00C04F79EFBC}") = "pz_12", "pz_12\pz_12.csproj", "{5AEFEDB7-A717-4648-A843-A89EF0916B4A}"
EndProject
Project("{FAE04EC0-301F-11D3-BF4B-00C04F79EFBC}") = "pz_13", "pz_13\pz_13.csproj", "{7A412911-0A0A-40D8-BA43-DF55CE1EA35D}"
EndProject
Project("{FAE04EC0-301F-11D3-BF4B-00C04F79EFBC}") = "pz_14", "pz_14\pz_14.csproj", "{9782E7EA-0CA3-458A-8306-00C2401986DD}"
EndProject
Global
	GlobalSection(SolutionConfigurationPlatforms) = preSolution
		Debug|Any CPU = Debug|Any CPU
		Release|Any CPU = Release|Any CPU
	EndGlobalSection
	GlobalSection(ProjectConfigurationPlatforms) = postSolution
		{17541B8A-B318-4A49-BB2E-CEBA6422B900}.Debug|Any CPU.ActiveCfg = Debug|Any CPU
		{17541B8A-B318-4A49-BB2E-CEBA6422B900}.Debug|Any CPU.Build.0 = Debug|Any CPU
		{17541B8A-B318-4A49-BB2E-CEBA6422B900}.Release|Any CPU.ActiveCfg = Release|Any CPU
		{17541B8A-B318-4A49-BB2E-CEBA6422B900}.Release|Any CPU.Build.0 = Release|Any CPU
		{516DFFD3-0E50-41AB-917D-26B5A4F590C6}.Debug|Any CPU.ActiveCfg = Debug|Any CPU
		{516DFFD3-0E50-41AB-917D-26B5A4F590C6}.Debug|Any CPU.Build.0 = Debug|Any CPU
		{516DFFD3-0E50-41AB-917D-26B5A4F590C6}.Release|Any CPU.ActiveCfg = Release|Any CPU
		{516DFFD3-0E50-41AB-917D-26B5A4F590C6}.Release|Any CPU.Build.0 = Release|Any CPU
		{B1AA80EF-F7B6-4912-BC09-C4C24720E135}.Debug|Any CPU.ActiveCfg = Debug|Any CPU
		{B1AA80EF-F7B6-4912-BC09-C4C24720E135}.Debug|Any CPU.Build.0 = Debug|Any CPU
		{B1AA80EF-F7B6-4912-BC09-C4C24720E135}.Release|Any CPU.ActiveCfg = Release|Any CPU
		{B1AA80EF-F7B6-4912-BC09-C4C24720E135}.Release|Any CPU.Build.0 = Release|Any CPU
		{9852A1CC-5691-4B57-91FD-99CA1CE16C51}.Debug|Any CPU.ActiveCfg = Debug|Any CPU
		{9852A1CC-5691-4B57-91FD-99CA1CE16C51}.Debug|Any CPU.Build.0 = Debug|Any CPU
		{9852A1CC-5691-4B57-91FD-99CA1CE16C51}.Release|Any CPU.ActiveCfg = Release|Any CPU
		{9852A1CC-5691-4B57-91FD-99CA1CE16C51}.Release|Any CPU.Build.0 = Release|Any CPU
		{B0C45832-1DF3-4151-89A3-03B4A50A1664}.Debug|Any CPU.ActiveCfg = Debug|Any CPU
		{B0C45832-1DF3-4151-89A3-03B4A50A1664}.Debug|Any CPU.Build.0 = Debug|Any CPU
		{B0C45832-1DF3-4151-89A3-03B4A50A1664}.Release|Any CPU.ActiveCfg = Release|Any CPU
		{B0C45832-1DF3-4151-89A3-03B4A50A1664}.Release|Any CPU.Build.0 = Release|Any CPU
		{5DE5277F-5880-4FD6-B28B-148F9A1EE96F}.Debug|Any CPU.ActiveCfg = Debug|Any CPU
		{5DE5277F-5880-4FD6-B28B-148F9A1EE96F}.Debug|Any CPU.Build.0 = Debug|Any CPU
		{5DE5277F-5880-4FD6-B28B-148F9A1EE96F}.Release|Any CPU.ActiveCfg = Release|Any CPU
		{5DE5277F-5880-4FD6-B28B-148F9A1EE96F}.Release|Any CPU.Build.0 = Release|Any CPU
		{94B4F548-8395-41E9-8703-04EBE84D742C}.Debug|Any CPU.ActiveCfg = Debug|Any CPU
		{94B4F548-8395-41E9-8703-04EBE84D742C}.Debug|Any CPU.Build.0 = Debug|Any CPU
		{94B4F548-8395-41E9-8703-04EBE84D742C}.Release|Any CPU.ActiveCfg = Release|Any CPU
		{94B4F548-8395-41E9-8703-04EBE84D742C}.Release|Any CPU.Build.0 = Release|Any CPU
		{1A4BD57F-32D6-4C3D-990C-472E5B79FA7D}.Debug|Any CPU.ActiveCfg = Debug|Any CPU
		{1A4BD57F-32D6-4C3D-990C-472E5B79FA7D}.Debug|Any CPU.Build.0 = Debug|Any CPU
		{1A4BD57F-32D6-4C3D-990C-472E5B79FA7D}.Release|Any CPU.ActiveCfg = Release|Any CPU
		{1A4BD57F-32D6-4C3D-990C-472E5B79FA7D}.Release|Any CPU.Build.0 = Release|Any CPU
		{F3976153-69E5-4CFE-A992-086BF473F5C7}.Debug|Any CPU.ActiveCfg = Debug|Any CPU
		{F3976153-69E5-4CFE-A992-086BF473F5C7}.Debug|Any CPU.Build.0 = Debug|Any CPU
		{F3976153-69E5-4CFE-A992-086BF473F5C7}.Release|Any CPU.ActiveCfg = Release|Any CPU
		{F3976153-69E5-4CFE-A992-086BF473F5C7}.Release|Any CPU.Build.0 = Release|Any CPU
		{9CD5EA69-4270-4CAE-B0D7-83495F132DEB}.Debug|Any CPU.ActiveCfg = Debug|Any CPU
		{9CD5EA69-4270-4CAE-B0D7-83495F132DEB}.Debug|Any CPU.Build.0 = Debug|Any CPU
		{9CD5EA69-4270-4CAE-B0D7-83495F132DEB}.Release|Any CPU.ActiveCfg = Release|Any CPU
		{9CD5EA69-4270-4CAE-B0D7-83495F132DEB}.Release|Any CPU.Build.0 = Release|Any CPU
		{5AEFEDB7-A717-4648-A843-A89EF0916B4A}.Debug|Any CPU.ActiveCfg = Debug|Any CPU
		{5AEFEDB7-A717-4648-A843-A89EF0916B4A}.Debug|Any CPU.Build.0 = Debug|Any CPU
		{5AEFEDB7-A717-4648-A843-A89EF0916B4A}.Release|Any CPU.ActiveCfg = Release|Any CPU
		{5AEFEDB7-A717-4648-A843-A89EF0916B4A}.Release|Any CPU.Build.0 = Release|Any CPU
		{7A412911-0A0A-40D8-BA43-DF55CE1EA35D}.Debug|Any CPU.ActiveCfg = Debug|Any CPU
		{7A412911-0A0A-40D8-BA43-DF55CE1EA35D}.Debug|Any CPU.Build.0 = Debug|Any CPU
		{7A412911-0A0A-40D8-BA43-DF55CE1EA35D}.Release|Any CPU.ActiveCfg = Release|Any CPU
		{7A412911-0A0A-40D8-BA43-DF55CE1EA35D}.Release|Any CPU.Build.0 = Release|Any CPU
		{9782E7EA-0CA3-458A-8306-00C2401986DD}.Debug|Any CPU.ActiveCfg = Debug|Any CPU
		{9782E7EA-0CA3-458A-8306-00C2401986DD}.Debug|Any CPU.Build.0 = Debug|Any CPU
		{9782E7EA-0CA3-458A-8306-00C2401986DD}.Release|Any CPU.ActiveCfg = Release|Any CPU
		{9782E7EA-0CA3-458A-8306-00C2401986DD}.Release|Any CPU.Build.0 = Release|Any CPU
	EndGlobalSection
	GlobalSection(SolutionProperties) = preSolution
		HideSolutionNode = FALSE
	EndGlobalSection
	GlobalSection(ExtensibilityGlobals) = postSolution
		SolutionGuid = {FF74BAED-A1C6-4A70-9001-98B5BBC83077}
	EndGlobalSection
EndGlobal
